
Microsoft Visual Studio Solution File, Format Version 12.00
# Visual Studio Version 16
VisualStudioVersion = 16.0.31205.134
MinimumVisualStudioVersion = 10.0.40219.1
Project("{9A19103F-16F7-4668-BE54-9A1E7A4F7556}") = "ConsoleDIBluprint", "ConsoleDIBluprint\ConsoleDIBluprint.csproj", "{CBCC1C60-25C2-461B-AADC-AEC9E68E9F4F}"
EndProject
Project("{FAE04EC0-301F-11D3-BF4B-00C04F79EFBC}") = "ConsoleDIBlueprint.Tests", "ConsoleDIBlueprint.Tests\ConsoleDIBlueprint.Tests.csproj", "{0254BAE7-41F0-4DAC-8073-D539BC8C27D1}"
EndProject
Global
	GlobalSection(SolutionConfigurationPlatforms) = preSolution
		Debug|Any CPU = Debug|Any CPU
		Release|Any CPU = Release|Any CPU
	EndGlobalSection
	GlobalSection(ProjectConfigurationPlatforms) = postSolution
		{CBCC1C60-25C2-461B-AADC-AEC9E68E9F4F}.Debug|Any CPU.ActiveCfg = Debug|Any CPU
		{CBCC1C60-25C2-461B-AADC-AEC9E68E9F4F}.Debug|Any CPU.Build.0 = Debug|Any CPU
		{CBCC1C60-25C2-461B-AADC-AEC9E68E9F4F}.Release|Any CPU.ActiveCfg = Release|Any CPU
		{CBCC1C60-25C2-461B-AADC-AEC9E68E9F4F}.Release|Any CPU.Build.0 = Release|Any CPU
		{0254BAE7-41F0-4DAC-8073-D539BC8C27D1}.Debug|Any CPU.ActiveCfg = Debug|Any CPU
		{0254BAE7-41F0-4DAC-8073-D539BC8C27D1}.Debug|Any CPU.Build.0 = Debug|Any CPU
		{0254BAE7-41F0-4DAC-8073-D539BC8C27D1}.Release|Any CPU.ActiveCfg = Release|Any CPU
		{0254BAE7-41F0-4DAC-8073-D539BC8C27D1}.Release|Any CPU.Build.0 = Release|Any CPU
	EndGlobalSection
	GlobalSection(SolutionProperties) = preSolution
		HideSolutionNode = FALSE
	EndGlobalSection
	GlobalSection(ExtensibilityGlobals) = postSolution
		SolutionGuid = {1459AE7A-23C0-4518-BD47-EA5D4778DADE}
	EndGlobalSection
EndGlobal
